<?xml version="1.0" encoding="utf-8"?>
<Project ToolsVersion="4.0" xmlns="http://schemas.microsoft.com/developer/msbuild/2003">
  <ItemGroup>
    <Filter Include="Source Files">
      <UniqueIdentifier>{4FC737F1-C7A5-4376-A066-2A32D752A2FF}</UniqueIdentifier>
      <Extensions>cpp;c;cc;cxx;def;odl;idl;hpj;bat;asm;asmx</Extensions>
    </Filter>
    <Filter Include="Header Files">
      <UniqueIdentifier>{93995380-89BD-4b04-88EB-625FBE52EBFB}</UniqueIdentifier>
      <Extensions>h;hh;hpp;hxx;hm;inl;inc;ipp;xsd</Extensions>
    </Filter>
    <Filter Include="Resource Files">
      <UniqueIdentifier>{67DA6AB6-F800-4c08-8B7A-83BB121AAD01}</UniqueIdentifier>
      <Extensions>rc;ico;cur;bmp;dlg;rc2;rct;bin;rgs;gif;jpg;jpeg;jpe;resx;tiff;tif;png;wav;mfcribbon-ms</Extensions>
    </Filter>
    <Filter Include="Components">
      <UniqueIdentifier>{b6ec3dc4-82b7-4c73-bbae-f7a3e69b07d1}</UniqueIdentifier>
    </Filter>
    <Filter Include="Processors">
      <UniqueIdentifier>{e35730ae-ee86-4127-9b2f-d1318eed4f4e}</UniqueIdentifier>
    </Filter>
    <Filter Include="Resources">
      <UniqueIdentifier>{0617b024-9669-4d7e-a7bb-716ffde742c0}</UniqueIdentifier>
    </Filter>
  </ItemGroup>
  <ItemGroup>
    <ClInclude Include="pch.h">
      <Filter>Header Files</Filter>
    </ClInclude>
    <ClInclude Include="EntityManager.h">
      <Filter>Header Files</Filter>
    </ClInclude>
    <ClInclude Include="EntityIDPool.h">
      <Filter>Header Files</Filter>
    </ClInclude>
    <ClInclude Include="ComponentDefs.h">
      <Filter>Header Files</Filter>
    </ClInclude>
    <ClInclude Include="RenderProcessor.h">
      <Filter>Processors</Filter>
    </ClInclude>
    <ClInclude Include="BaseProcessor.h">
      <Filter>Processors</Filter>
    </ClInclude>
    <ClInclude Include="BaseComponent.h">
      <Filter>Components</Filter>
    </ClInclude>
    <ClInclude Include="Components.h">
      <Filter>Components</Filter>
    </ClInclude>
    <ClInclude Include="Observable.h">
      <Filter>Header Files</Filter>
    </ClInclude>
    <ClInclude Include="Observer.h">
      <Filter>Header Files</Filter>
    </ClInclude>
    <ClInclude Include="Events.h">
      <Filter>Header Files</Filter>
    </ClInclude>
    <ClInclude Include="Dependency.h">
      <Filter>Processors</Filter>
    </ClInclude>
    <ClInclude Include="PlayerInputProcessor.h">
      <Filter>Processors</Filter>
    </ClInclude>
    <ClInclude Include="MovementProcessor.h">
      <Filter>Header Files</Filter>
    </ClInclude>
    <ClInclude Include="GameState.h">
      <Filter>Header Files</Filter>
    </ClInclude>
    <ClInclude Include="MenuState.h">
      <Filter>Header Files</Filter>
    </ClInclude>
    <ClInclude Include="States.h">
      <Filter>Header Files</Filter>
    </ClInclude>
    <ClInclude Include="World.h">
      <Filter>Header Files</Filter>
    </ClInclude>
    <ClInclude Include="BaseState.h">
      <Filter>Header Files</Filter>
    </ClInclude>
    <ClInclude Include="CollisionDetector.h">
      <Filter>Header Files</Filter>
    </ClInclude>
    <ClInclude Include="TextureService.h">
      <Filter>Resources</Filter>
    </ClInclude>
    <ClInclude Include="TextureIDs.h">
      <Filter>Resources</Filter>
    </ClInclude>
    <ClInclude Include="PCTextureService.h">
      <Filter>Resources</Filter>
    </ClInclude>
    <ClInclude Include="PCAudioService.h">
      <Filter>Resources</Filter>
    </ClInclude>
    <ClInclude Include="ServiceLocator.h">
      <Filter>Resources</Filter>
    </ClInclude>
    <ClInclude Include="NullTextureService.h">
      <Filter>Resources</Filter>
    </ClInclude>
    <ClInclude Include="NullAudio.h">
      <Filter>Resources</Filter>
    </ClInclude>
    <ClInclude Include="AudioService.h">
      <Filter>Resources</Filter>
    </ClInclude>
    <ClInclude Include="AudioPCName.h">
      <Filter>Resources</Filter>
    </ClInclude>
  </ItemGroup>
  <ItemGroup>
    <ClCompile Include="pch.cpp">
      <Filter>Source Files</Filter>
    </ClCompile>
    <ClCompile Include="EntityManager.cpp">
      <Filter>Source Files</Filter>
    </ClCompile>
    <ClCompile Include="main.cpp">
      <Filter>Source Files</Filter>
    </ClCompile>
    <ClCompile Include="EntityIDPool.cpp">
      <Filter>Source Files</Filter>
    </ClCompile>
    <ClCompile Include="RenderProcessor.cpp">
      <Filter>Processors</Filter>
    </ClCompile>
    <ClCompile Include="BaseProcessor.cpp">
      <Filter>Processors</Filter>
    </ClCompile>
    <ClCompile Include="Components.cpp">
      <Filter>Components</Filter>
    </ClCompile>
    <ClCompile Include="Observable.cpp">
      <Filter>Source Files</Filter>
    </ClCompile>
    <ClCompile Include="Observer.cpp">
      <Filter>Source Files</Filter>
    </ClCompile>
    <ClCompile Include="PlayerInputProcessor.cpp">
      <Filter>Processors</Filter>
    </ClCompile>
    <ClCompile Include="MovementProcessor.cpp">
      <Filter>Source Files</Filter>
    </ClCompile>
    <ClCompile Include="GameState.cpp">
      <Filter>Source Files</Filter>
    </ClCompile>
    <ClCompile Include="MenuState.cpp">
      <Filter>Source Files</Filter>
    </ClCompile>
    <ClCompile Include="World.cpp">
      <Filter>Source Files</Filter>
    </ClCompile>
    <ClCompile Include="BaseState.cpp">
      <Filter>Source Files</Filter>
    </ClCompile>
    <ClCompile Include="CollisionDetector.cpp">
      <Filter>Source Files</Filter>
    </ClCompile>
    <ClCompile Include="AudioService.cpp">
      <Filter>Resources</Filter>
    </ClCompile>
    <ClCompile Include="NullAudio.cpp">
      <Filter>Resources</Filter>
    </ClCompile>
    <ClCompile Include="NullTextureService.cpp">
      <Filter>Resources</Filter>
    </ClCompile>
    <ClCompile Include="PCAudioService.cpp">
      <Filter>Resources</Filter>
    </ClCompile>
    <ClCompile Include="PCTextureService.cpp">
      <Filter>Resources</Filter>
    </ClCompile>
    <ClCompile Include="ServiceLocator.cpp">
      <Filter>Resources</Filter>
    </ClCompile>
    <ClCompile Include="TextureService.cpp">
      <Filter>Resources</Filter>
    </ClCompile>
  </ItemGroup>
  <ItemGroup>
    <None Include="resources\settings.json">
      <Filter>Resource Files</Filter>
    </None>
  </ItemGroup>
</Project>