<?xml version="1.0" encoding="utf-8"?>
<Project ToolsVersion="4.0" xmlns="http://schemas.microsoft.com/developer/msbuild/2003">
  <ItemGroup>
    <Filter Include="Source Files">
      <UniqueIdentifier>{4FC737F1-C7A5-4376-A066-2A32D752A2FF}</UniqueIdentifier>
      <Extensions>cpp;c;cc;cxx;def;odl;idl;hpj;bat;asm;asmx</Extensions>
    </Filter>
    <Filter Include="Header Files">
      <UniqueIdentifier>{93995380-89BD-4b04-88EB-625FBE52EBFB}</UniqueIdentifier>
      <Extensions>h;hh;hpp;hxx;hm;inl;inc;ipp;xsd</Extensions>
    </Filter>
    <Filter Include="Resource Files">
      <UniqueIdentifier>{67DA6AB6-F800-4c08-8B7A-83BB121AAD01}</UniqueIdentifier>
      <Extensions>rc;ico;cur;bmp;dlg;rc2;rct;bin;rgs;gif;jpg;jpeg;jpe;resx;tiff;tif;png;wav;mfcribbon-ms</Extensions>
    </Filter>
    <Filter Include="Components">
      <UniqueIdentifier>{b6ec3dc4-82b7-4c73-bbae-f7a3e69b07d1}</UniqueIdentifier>
    </Filter>
    <Filter Include="Processors">
      <UniqueIdentifier>{e35730ae-ee86-4127-9b2f-d1318eed4f4e}</UniqueIdentifier>
    </Filter>
    <Filter Include="Resources">
      <UniqueIdentifier>{0617b024-9669-4d7e-a7bb-716ffde742c0}</UniqueIdentifier>
    </Filter>
    <Filter Include="States">
      <UniqueIdentifier>{9ac94f12-0067-46db-b76d-3929b7cf02f6}</UniqueIdentifier>
    </Filter>
    <Filter Include="Box2D">
      <UniqueIdentifier>{4e2423bc-f718-4f31-8095-537e4217c352}</UniqueIdentifier>
    </Filter>
  </ItemGroup>
  <ItemGroup>
    <ClInclude Include="pch.h">
      <Filter>Header Files</Filter>
    </ClInclude>
    <ClInclude Include="EntityManager.h">
      <Filter>Header Files</Filter>
    </ClInclude>
    <ClInclude Include="EntityIDPool.h">
      <Filter>Header Files</Filter>
    </ClInclude>
    <ClInclude Include="ComponentDefs.h">
      <Filter>Header Files</Filter>
    </ClInclude>
    <ClInclude Include="RenderProcessor.h">
      <Filter>Processors</Filter>
    </ClInclude>
    <ClInclude Include="BaseProcessor.h">
      <Filter>Processors</Filter>
    </ClInclude>
    <ClInclude Include="BaseComponent.h">
      <Filter>Components</Filter>
    </ClInclude>
    <ClInclude Include="Components.h">
      <Filter>Components</Filter>
    </ClInclude>
    <ClInclude Include="Observable.h">
      <Filter>Header Files</Filter>
    </ClInclude>
    <ClInclude Include="Observer.h">
      <Filter>Header Files</Filter>
    </ClInclude>
    <ClInclude Include="Events.h">
      <Filter>Header Files</Filter>
    </ClInclude>
    <ClInclude Include="Dependency.h">
      <Filter>Processors</Filter>
    </ClInclude>
    <ClInclude Include="PlayerInputProcessor.h">
      <Filter>Processors</Filter>
    </ClInclude>
    <ClInclude Include="World.h">
      <Filter>Header Files</Filter>
    </ClInclude>
    <ClInclude Include="TextureService.h">
      <Filter>Resources</Filter>
    </ClInclude>
    <ClInclude Include="TextureIDs.h">
      <Filter>Resources</Filter>
    </ClInclude>
    <ClInclude Include="PCTextureService.h">
      <Filter>Resources</Filter>
    </ClInclude>
    <ClInclude Include="PCAudioService.h">
      <Filter>Resources</Filter>
    </ClInclude>
    <ClInclude Include="ServiceLocator.h">
      <Filter>Resources</Filter>
    </ClInclude>
    <ClInclude Include="NullTextureService.h">
      <Filter>Resources</Filter>
    </ClInclude>
    <ClInclude Include="NullAudio.h">
      <Filter>Resources</Filter>
    </ClInclude>
    <ClInclude Include="AudioService.h">
      <Filter>Resources</Filter>
    </ClInclude>
    <ClInclude Include="AudioPCName.h">
      <Filter>Resources</Filter>
    </ClInclude>
    <ClInclude Include="BaseState.h">
      <Filter>States</Filter>
    </ClInclude>
    <ClInclude Include="GameState.h">
      <Filter>States</Filter>
    </ClInclude>
    <ClInclude Include="MenuState.h">
      <Filter>States</Filter>
    </ClInclude>
    <ClInclude Include="States.h">
      <Filter>States</Filter>
    </ClInclude>
    <ClInclude Include="Box2D\Box2D.h">
      <Filter>Box2D</Filter>
    </ClInclude>
    <ClInclude Include="Box2D\Collision\b2BroadPhase.h">
      <Filter>Box2D</Filter>
    </ClInclude>
    <ClInclude Include="Box2D\Collision\b2Collision.h">
      <Filter>Box2D</Filter>
    </ClInclude>
    <ClInclude Include="Box2D\Collision\b2Distance.h">
      <Filter>Box2D</Filter>
    </ClInclude>
    <ClInclude Include="Box2D\Collision\b2DynamicTree.h">
      <Filter>Box2D</Filter>
    </ClInclude>
    <ClInclude Include="Box2D\Collision\b2TimeOfImpact.h">
      <Filter>Box2D</Filter>
    </ClInclude>
    <ClInclude Include="Box2D\Collision\Shapes\b2ChainShape.h">
      <Filter>Box2D</Filter>
    </ClInclude>
    <ClInclude Include="Box2D\Collision\Shapes\b2CircleShape.h">
      <Filter>Box2D</Filter>
    </ClInclude>
    <ClInclude Include="Box2D\Collision\Shapes\b2EdgeShape.h">
      <Filter>Box2D</Filter>
    </ClInclude>
    <ClInclude Include="Box2D\Collision\Shapes\b2PolygonShape.h">
      <Filter>Box2D</Filter>
    </ClInclude>
    <ClInclude Include="Box2D\Collision\Shapes\b2Shape.h">
      <Filter>Box2D</Filter>
    </ClInclude>
    <ClInclude Include="Box2D\Common\b2BlockAllocator.h">
      <Filter>Box2D</Filter>
    </ClInclude>
    <ClInclude Include="Box2D\Common\b2Draw.h">
      <Filter>Box2D</Filter>
    </ClInclude>
    <ClInclude Include="Box2D\Common\b2GrowableStack.h">
      <Filter>Box2D</Filter>
    </ClInclude>
    <ClInclude Include="Box2D\Common\b2Math.h">
      <Filter>Box2D</Filter>
    </ClInclude>
    <ClInclude Include="Box2D\Common\b2Settings.h">
      <Filter>Box2D</Filter>
    </ClInclude>
    <ClInclude Include="Box2D\Common\b2StackAllocator.h">
      <Filter>Box2D</Filter>
    </ClInclude>
    <ClInclude Include="Box2D\Common\b2Timer.h">
      <Filter>Box2D</Filter>
    </ClInclude>
    <ClInclude Include="Box2D\Dynamics\b2Body.h">
      <Filter>Box2D</Filter>
    </ClInclude>
    <ClInclude Include="Box2D\Dynamics\b2ContactManager.h">
      <Filter>Box2D</Filter>
    </ClInclude>
    <ClInclude Include="Box2D\Dynamics\b2Fixture.h">
      <Filter>Box2D</Filter>
    </ClInclude>
    <ClInclude Include="Box2D\Dynamics\b2Island.h">
      <Filter>Box2D</Filter>
    </ClInclude>
    <ClInclude Include="Box2D\Dynamics\b2TimeStep.h">
      <Filter>Box2D</Filter>
    </ClInclude>
    <ClInclude Include="Box2D\Dynamics\b2World.h">
      <Filter>Box2D</Filter>
    </ClInclude>
    <ClInclude Include="Box2D\Dynamics\b2WorldCallbacks.h">
      <Filter>Box2D</Filter>
    </ClInclude>
    <ClInclude Include="Box2D\Dynamics\Contacts\b2ChainAndCircleContact.h">
      <Filter>Box2D</Filter>
    </ClInclude>
    <ClInclude Include="Box2D\Dynamics\Contacts\b2ChainAndPolygonContact.h">
      <Filter>Box2D</Filter>
    </ClInclude>
    <ClInclude Include="Box2D\Dynamics\Contacts\b2CircleContact.h">
      <Filter>Box2D</Filter>
    </ClInclude>
    <ClInclude Include="Box2D\Dynamics\Contacts\b2Contact.h">
      <Filter>Box2D</Filter>
    </ClInclude>
    <ClInclude Include="Box2D\Dynamics\Contacts\b2ContactSolver.h">
      <Filter>Box2D</Filter>
    </ClInclude>
    <ClInclude Include="Box2D\Dynamics\Contacts\b2EdgeAndCircleContact.h">
      <Filter>Box2D</Filter>
    </ClInclude>
    <ClInclude Include="Box2D\Dynamics\Contacts\b2EdgeAndPolygonContact.h">
      <Filter>Box2D</Filter>
    </ClInclude>
    <ClInclude Include="Box2D\Dynamics\Contacts\b2PolygonAndCircleContact.h">
      <Filter>Box2D</Filter>
    </ClInclude>
    <ClInclude Include="Box2D\Dynamics\Contacts\b2PolygonContact.h">
      <Filter>Box2D</Filter>
    </ClInclude>
    <ClInclude Include="Box2D\Dynamics\Joints\b2DistanceJoint.h">
      <Filter>Box2D</Filter>
    </ClInclude>
    <ClInclude Include="Box2D\Dynamics\Joints\b2FrictionJoint.h">
      <Filter>Box2D</Filter>
    </ClInclude>
    <ClInclude Include="Box2D\Dynamics\Joints\b2GearJoint.h">
      <Filter>Box2D</Filter>
    </ClInclude>
    <ClInclude Include="Box2D\Dynamics\Joints\b2Joint.h">
      <Filter>Box2D</Filter>
    </ClInclude>
    <ClInclude Include="Box2D\Dynamics\Joints\b2MotorJoint.h">
      <Filter>Box2D</Filter>
    </ClInclude>
    <ClInclude Include="Box2D\Dynamics\Joints\b2MouseJoint.h">
      <Filter>Box2D</Filter>
    </ClInclude>
    <ClInclude Include="Box2D\Dynamics\Joints\b2PrismaticJoint.h">
      <Filter>Box2D</Filter>
    </ClInclude>
    <ClInclude Include="Box2D\Dynamics\Joints\b2PulleyJoint.h">
      <Filter>Box2D</Filter>
    </ClInclude>
    <ClInclude Include="Box2D\Dynamics\Joints\b2RevoluteJoint.h">
      <Filter>Box2D</Filter>
    </ClInclude>
    <ClInclude Include="Box2D\Dynamics\Joints\b2RopeJoint.h">
      <Filter>Box2D</Filter>
    </ClInclude>
    <ClInclude Include="Box2D\Dynamics\Joints\b2WeldJoint.h">
      <Filter>Box2D</Filter>
    </ClInclude>
    <ClInclude Include="Box2D\Dynamics\Joints\b2WheelJoint.h">
      <Filter>Box2D</Filter>
    </ClInclude>
    <ClInclude Include="Box2D\Rope\b2Rope.h">
      <Filter>Box2D</Filter>
    </ClInclude>
    <ClInclude Include="PhysicsProcessor.h">
      <Filter>Processors</Filter>
    </ClInclude>
  </ItemGroup>
  <ItemGroup>
    <ClCompile Include="pch.cpp">
      <Filter>Source Files</Filter>
    </ClCompile>
    <ClCompile Include="EntityManager.cpp">
      <Filter>Source Files</Filter>
    </ClCompile>
    <ClCompile Include="main.cpp">
      <Filter>Source Files</Filter>
    </ClCompile>
    <ClCompile Include="EntityIDPool.cpp">
      <Filter>Source Files</Filter>
    </ClCompile>
    <ClCompile Include="RenderProcessor.cpp">
      <Filter>Processors</Filter>
    </ClCompile>
    <ClCompile Include="BaseProcessor.cpp">
      <Filter>Processors</Filter>
    </ClCompile>
    <ClCompile Include="Components.cpp">
      <Filter>Components</Filter>
    </ClCompile>
    <ClCompile Include="Observable.cpp">
      <Filter>Source Files</Filter>
    </ClCompile>
    <ClCompile Include="Observer.cpp">
      <Filter>Source Files</Filter>
    </ClCompile>
    <ClCompile Include="PlayerInputProcessor.cpp">
      <Filter>Processors</Filter>
    </ClCompile>
    <ClCompile Include="World.cpp">
      <Filter>Source Files</Filter>
    </ClCompile>
    <ClCompile Include="AudioService.cpp">
      <Filter>Resources</Filter>
    </ClCompile>
    <ClCompile Include="NullAudio.cpp">
      <Filter>Resources</Filter>
    </ClCompile>
    <ClCompile Include="NullTextureService.cpp">
      <Filter>Resources</Filter>
    </ClCompile>
    <ClCompile Include="PCAudioService.cpp">
      <Filter>Resources</Filter>
    </ClCompile>
    <ClCompile Include="PCTextureService.cpp">
      <Filter>Resources</Filter>
    </ClCompile>
    <ClCompile Include="ServiceLocator.cpp">
      <Filter>Resources</Filter>
    </ClCompile>
    <ClCompile Include="TextureService.cpp">
      <Filter>Resources</Filter>
    </ClCompile>
    <ClCompile Include="BaseState.cpp">
      <Filter>States</Filter>
    </ClCompile>
    <ClCompile Include="MenuState.cpp">
      <Filter>States</Filter>
    </ClCompile>
    <ClCompile Include="GameState.cpp">
      <Filter>States</Filter>
    </ClCompile>
    <ClCompile Include="Box2D\Collision\b2BroadPhase.cpp">
      <Filter>Box2D</Filter>
    </ClCompile>
    <ClCompile Include="Box2D\Collision\b2CollideCircle.cpp">
      <Filter>Box2D</Filter>
    </ClCompile>
    <ClCompile Include="Box2D\Collision\b2CollideEdge.cpp">
      <Filter>Box2D</Filter>
    </ClCompile>
    <ClCompile Include="Box2D\Collision\b2CollidePolygon.cpp">
      <Filter>Box2D</Filter>
    </ClCompile>
    <ClCompile Include="Box2D\Collision\b2Collision.cpp">
      <Filter>Box2D</Filter>
    </ClCompile>
    <ClCompile Include="Box2D\Collision\b2Distance.cpp">
      <Filter>Box2D</Filter>
    </ClCompile>
    <ClCompile Include="Box2D\Collision\b2DynamicTree.cpp">
      <Filter>Box2D</Filter>
    </ClCompile>
    <ClCompile Include="Box2D\Collision\b2TimeOfImpact.cpp">
      <Filter>Box2D</Filter>
    </ClCompile>
    <ClCompile Include="Box2D\Collision\Shapes\b2ChainShape.cpp">
      <Filter>Box2D</Filter>
    </ClCompile>
    <ClCompile Include="Box2D\Collision\Shapes\b2CircleShape.cpp">
      <Filter>Box2D</Filter>
    </ClCompile>
    <ClCompile Include="Box2D\Collision\Shapes\b2EdgeShape.cpp">
      <Filter>Box2D</Filter>
    </ClCompile>
    <ClCompile Include="Box2D\Collision\Shapes\b2PolygonShape.cpp">
      <Filter>Box2D</Filter>
    </ClCompile>
    <ClCompile Include="Box2D\Common\b2BlockAllocator.cpp">
      <Filter>Box2D</Filter>
    </ClCompile>
    <ClCompile Include="Box2D\Common\b2Draw.cpp">
      <Filter>Box2D</Filter>
    </ClCompile>
    <ClCompile Include="Box2D\Common\b2Math.cpp">
      <Filter>Box2D</Filter>
    </ClCompile>
    <ClCompile Include="Box2D\Common\b2Settings.cpp">
      <Filter>Box2D</Filter>
    </ClCompile>
    <ClCompile Include="Box2D\Common\b2StackAllocator.cpp">
      <Filter>Box2D</Filter>
    </ClCompile>
    <ClCompile Include="Box2D\Common\b2Timer.cpp">
      <Filter>Box2D</Filter>
    </ClCompile>
    <ClCompile Include="Box2D\Dynamics\b2Body.cpp">
      <Filter>Box2D</Filter>
    </ClCompile>
    <ClCompile Include="Box2D\Dynamics\b2ContactManager.cpp">
      <Filter>Box2D</Filter>
    </ClCompile>
    <ClCompile Include="Box2D\Dynamics\b2Fixture.cpp">
      <Filter>Box2D</Filter>
    </ClCompile>
    <ClCompile Include="Box2D\Dynamics\b2Island.cpp">
      <Filter>Box2D</Filter>
    </ClCompile>
    <ClCompile Include="Box2D\Dynamics\b2World.cpp">
      <Filter>Box2D</Filter>
    </ClCompile>
    <ClCompile Include="Box2D\Dynamics\b2WorldCallbacks.cpp">
      <Filter>Box2D</Filter>
    </ClCompile>
    <ClCompile Include="Box2D\Dynamics\Contacts\b2ChainAndCircleContact.cpp">
      <Filter>Box2D</Filter>
    </ClCompile>
    <ClCompile Include="Box2D\Dynamics\Contacts\b2ChainAndPolygonContact.cpp">
      <Filter>Box2D</Filter>
    </ClCompile>
    <ClCompile Include="Box2D\Dynamics\Contacts\b2CircleContact.cpp">
      <Filter>Box2D</Filter>
    </ClCompile>
    <ClCompile Include="Box2D\Dynamics\Contacts\b2Contact.cpp">
      <Filter>Box2D</Filter>
    </ClCompile>
    <ClCompile Include="Box2D\Dynamics\Contacts\b2ContactSolver.cpp">
      <Filter>Box2D</Filter>
    </ClCompile>
    <ClCompile Include="Box2D\Dynamics\Contacts\b2EdgeAndCircleContact.cpp">
      <Filter>Box2D</Filter>
    </ClCompile>
    <ClCompile Include="Box2D\Dynamics\Contacts\b2EdgeAndPolygonContact.cpp">
      <Filter>Box2D</Filter>
    </ClCompile>
    <ClCompile Include="Box2D\Dynamics\Contacts\b2PolygonAndCircleContact.cpp">
      <Filter>Box2D</Filter>
    </ClCompile>
    <ClCompile Include="Box2D\Dynamics\Contacts\b2PolygonContact.cpp">
      <Filter>Box2D</Filter>
    </ClCompile>
    <ClCompile Include="Box2D\Dynamics\Joints\b2DistanceJoint.cpp">
      <Filter>Box2D</Filter>
    </ClCompile>
    <ClCompile Include="Box2D\Dynamics\Joints\b2FrictionJoint.cpp">
      <Filter>Box2D</Filter>
    </ClCompile>
    <ClCompile Include="Box2D\Dynamics\Joints\b2GearJoint.cpp">
      <Filter>Box2D</Filter>
    </ClCompile>
    <ClCompile Include="Box2D\Dynamics\Joints\b2Joint.cpp">
      <Filter>Box2D</Filter>
    </ClCompile>
    <ClCompile Include="Box2D\Dynamics\Joints\b2MotorJoint.cpp">
      <Filter>Box2D</Filter>
    </ClCompile>
    <ClCompile Include="Box2D\Dynamics\Joints\b2MouseJoint.cpp">
      <Filter>Box2D</Filter>
    </ClCompile>
    <ClCompile Include="Box2D\Dynamics\Joints\b2PrismaticJoint.cpp">
      <Filter>Box2D</Filter>
    </ClCompile>
    <ClCompile Include="Box2D\Dynamics\Joints\b2PulleyJoint.cpp">
      <Filter>Box2D</Filter>
    </ClCompile>
    <ClCompile Include="Box2D\Dynamics\Joints\b2RevoluteJoint.cpp">
      <Filter>Box2D</Filter>
    </ClCompile>
    <ClCompile Include="Box2D\Dynamics\Joints\b2RopeJoint.cpp">
      <Filter>Box2D</Filter>
    </ClCompile>
    <ClCompile Include="Box2D\Dynamics\Joints\b2WeldJoint.cpp">
      <Filter>Box2D</Filter>
    </ClCompile>
    <ClCompile Include="Box2D\Dynamics\Joints\b2WheelJoint.cpp">
      <Filter>Box2D</Filter>
    </ClCompile>
    <ClCompile Include="Box2D\Rope\b2Rope.cpp">
      <Filter>Box2D</Filter>
    </ClCompile>
    <ClCompile Include="PhysicsProcessor.cpp">
      <Filter>Processors</Filter>
    </ClCompile>
  </ItemGroup>
  <ItemGroup>
    <None Include="resources\settings.json">
      <Filter>Resource Files</Filter>
    </None>
  </ItemGroup>
</Project>